# This file is autogenerated, do not edit; changes may be undone by the next 'dep ensure'.


[[projects]]
  branch = "master"
  name = "github.com/danmrichards/snakecoin-go"
  packages = ["blockchain/domain","blockchain/models"]
  revision = "97983dbc46e581f23517e07b6a9bbae3c8da327a"

[solve-meta]
  analyzer-name = "dep"
  analyzer-version = 1
  inputs-digest = "4db554e6d726f62a66391afbca2929a8ee7dd772ed0979785d5f16cc7abaf18e"
  solver-name = "gps-cdcl"
  solver-version = 1
